<Solution>
  <Configurations>
    <Platform Name="x64" />
  </Configurations>
  <Folder Name="/src/">
    <Project Path="src/CadElectricalToolkit/CadElectricalToolkit.csproj">
      <BuildType Project="Debug" />
      <Platform Project="x64" />
    </Project>
    <Project Path="src/CadElectricalToolkit.UiRunner/CadElectricalToolkit.UiRunner.csproj">
      <BuildType Project="Debug" />
      <Platform Project="x64" />
    </Project>
  </Folder>
</Solution>
